PODS:
  - AMSmoothAlert (1.1):
    - GPUImage
  - GPUImage (0.1.7)

DEPENDENCIES:
  - AMSmoothAlert (~> 1.0)

SPEC REPOS:
  https://github.com/cocoapods/specs.git:
    - AMSmoothAlert
    - GPUImage

SPEC CHECKSUMS:
  AMSmoothAlert: 108cf0fc3eea9256ccfdcd9deaa283999ac1e47e
  GPUImage: 733a5f0fab92df9de1c37ba9df520a833ccb406d

PODFILE CHECKSUM: 9ca1e26e8358072e6ca7711163fb9257bb639bb1

COCOAPODS: 1.7.5
